# This file was autogenerated by Stack.
# You should not edit this file by hand.
# For more information, please see the documentation at:
#   https://docs.haskellstack.org/en/stable/topics/lock_files

packages:
- completed:
    commit: c3e16ccda384917fba1ccc5f3cf8f592415562c1
    git: https://github.com/codedownio/sandwich
    name: sandwich
    pantry-tree:
      sha256: 31ce9fc6ddbfb22b9de41c6f469b29ff98bbfc5cf3fc6d0236a0c7e20601e423
      size: 6227
    subdir: sandwich
    version: 0.3.0.5
  original:
    commit: c3e16ccda384917fba1ccc5f3cf8f592415562c1
    git: https://github.com/codedownio/sandwich
    subdir: sandwich
- completed:
    commit: c3e16ccda384917fba1ccc5f3cf8f592415562c1
    git: https://github.com/codedownio/sandwich
    name: sandwich-contexts
    pantry-tree:
      sha256: 66205b6c1c74745e5ecb61340a591add2f73e90790fa57605e3c158d43f85115
      size: 1772
    subdir: sandwich-contexts
    version: 0.3.0.3
  original:
    commit: c3e16ccda384917fba1ccc5f3cf8f592415562c1
    git: https://github.com/codedownio/sandwich
    subdir: sandwich-contexts
- completed:
    commit: c3e16ccda384917fba1ccc5f3cf8f592415562c1
    git: https://github.com/codedownio/sandwich
    name: sandwich-quickcheck
    pantry-tree:
      sha256: e1a5360039e257756d9b774e9a8fbb29ad273ca06c169daace30b9f6a26500bd
      size: 538
    subdir: sandwich-quickcheck
    version: 0.2.0.0
  original:
    commit: c3e16ccda384917fba1ccc5f3cf8f592415562c1
    git: https://github.com/codedownio/sandwich
    subdir: sandwich-quickcheck
- completed:
    commit: d920b28aa25d454812d8d9bbd922e893574d45bc
    git: https://github.com/codedownio/lsp.git
    name: lsp
    pantry-tree:
      sha256: 0463d2462d7690aa877cf2f79279cc1902be006ca7bfcae34da1a56b46c7d00c
      size: 1121
    subdir: lsp
    version: 2.7.0.1
  original:
    commit: d920b28aa25d454812d8d9bbd922e893574d45bc
    git: https://github.com/codedownio/lsp.git
    subdir: lsp
- completed:
    commit: d920b28aa25d454812d8d9bbd922e893574d45bc
    git: https://github.com/codedownio/lsp.git
    name: lsp-test
    pantry-tree:
      sha256: 3671570067b55febf7903af85164d35aa515851318e69b31f048998e64362c6a
      size: 2304
    subdir: lsp-test
    version: 0.17.1.1
  original:
    commit: d920b28aa25d454812d8d9bbd922e893574d45bc
    git: https://github.com/codedownio/lsp.git
    subdir: lsp-test
- completed:
    commit: d920b28aa25d454812d8d9bbd922e893574d45bc
    git: https://github.com/codedownio/lsp.git
    name: lsp-types
    pantry-tree:
      sha256: 08d01a9208540b71e038e6fb85793a42785b37fa390f6f57df2eba0a5e87fe8e
      size: 52176
    subdir: lsp-types
    version: 2.3.0.1
  original:
    commit: d920b28aa25d454812d8d9bbd922e893574d45bc
    git: https://github.com/codedownio/lsp.git
    subdir: lsp-types
- completed:
    hackage: sorted-list-0.2.3.1@sha256:643700d012bffa4aff8371ace31c3b6aea6e7e894c185ef52337f8faf9f18f8d,2336
    pantry-tree:
      sha256: a4453e2cec9948737667cf7bcb35647e336f51e78ad91fa10a2b9832fefe35b7
      size: 374
  original:
    hackage: sorted-list-0.2.3.1@sha256:643700d012bffa4aff8371ace31c3b6aea6e7e894c185ef52337f8faf9f18f8d,2336
snapshots:
- completed:
    sha256: 0d762ad5bc0b99b04d9e0b4c4cc05cfea05b3c2c0168de242258cb3e41aedd96
    size: 714960
    url: https://raw.githubusercontent.com/commercialhaskell/stackage-snapshots/master/nightly/2025/12/22.yaml
  original: nightly-2025-12-22
